
Microsoft Visual Studio Solution File, Format Version 12.00
# Visual Studio 15
VisualStudioVersion = 15.0.27703.2047
MinimumVisualStudioVersion = 10.0.40219.1
Project("{FAE04EC0-301F-11D3-BF4B-00C04F79EFBC}") = "SYS_Sharp", "SYS_Sharp\SYS_Sharp.csproj", "{8068EDC9-D317-40CD-9C25-B6FF69B83C70}"
EndProject
Global
	GlobalSection(SolutionConfigurationPlatforms) = preSolution
		Debug|Any CPU = Debug|Any CPU
		Release|Any CPU = Release|Any CPU
	EndGlobalSection
	GlobalSection(ProjectConfigurationPlatforms) = postSolution
		{8068EDC9-D317-40CD-9C25-B6FF69B83C70}.Debug|Any CPU.ActiveCfg = Debug|Any CPU
		{8068EDC9-D317-40CD-9C25-B6FF69B83C70}.Debug|Any CPU.Build.0 = Debug|Any CPU
		{8068EDC9-D317-40CD-9C25-B6FF69B83C70}.Release|Any CPU.ActiveCfg = Release|Any CPU
		{8068EDC9-D317-40CD-9C25-B6FF69B83C70}.Release|Any CPU.Build.0 = Release|Any CPU
	EndGlobalSection
	GlobalSection(SolutionProperties) = preSolution
		HideSolutionNode = FALSE
	EndGlobalSection
	GlobalSection(ExtensibilityGlobals) = postSolution
		SolutionGuid = {3D9F2E39-2DBD-4B6E-B0F3-CF677663697C}
	EndGlobalSection
EndGlobal
